
Microsoft Visual Studio Solution File, Format Version 12.00
# Visual Studio 15
VisualStudioVersion = 15.0.28307.645
MinimumVisualStudioVersion = 10.0.40219.1
Project("{FAE04EC0-301F-11D3-BF4B-00C04F79EFBC}") = "IncomeTax", "IncomeTax\IncomeTax.csproj", "{09F8B60B-78C6-4C53-A005-7CFBC3BF7F0F}"
EndProject
Global
	GlobalSection(SolutionConfigurationPlatforms) = preSolution
		Debug|Any CPU = Debug|Any CPU
		Release|Any CPU = Release|Any CPU
	EndGlobalSection
	GlobalSection(ProjectConfigurationPlatforms) = postSolution
		{09F8B60B-78C6-4C53-A005-7CFBC3BF7F0F}.Debug|Any CPU.ActiveCfg = Debug|Any CPU
		{09F8B60B-78C6-4C53-A005-7CFBC3BF7F0F}.Debug|Any CPU.Build.0 = Debug|Any CPU
		{09F8B60B-78C6-4C53-A005-7CFBC3BF7F0F}.Release|Any CPU.ActiveCfg = Release|Any CPU
		{09F8B60B-78C6-4C53-A005-7CFBC3BF7F0F}.Release|Any CPU.Build.0 = Release|Any CPU
	EndGlobalSection
	GlobalSection(SolutionProperties) = preSolution
		HideSolutionNode = FALSE
	EndGlobalSection
	GlobalSection(ExtensibilityGlobals) = postSolution
		SolutionGuid = {AD6511B1-0819-4F47-BCA7-8446295AFC12}
	EndGlobalSection
EndGlobal
